<Solution>
  <Folder Name="/src/">
    <Project Path="src/ManagementPlatform.Api/ManagementPlatform.Api.csproj" />
    <Project Path="src/ManagementPlatform.Application/ManagementPlatform.Application.csproj" />
    <Project Path="src/ManagementPlatform.Domain/ManagementPlatform.Domain.csproj" />
    <Project Path="src/ManagementPlatform.Infrastructure/ManagementPlatform.Infrastructure.csproj" />
  </Folder>
  <Folder Name="/tests/">
    <Project Path="tests/ManagementPlatform.Tests/ManagementPlatform.Tests.csproj" />
  </Folder>
</Solution>
